// !$*UTF8*$!
{
	archiveVersion = 1;
	classes = {
	};
	objectVersion = 46;
	objects = {

/* Begin PBXBuildFile section */
		8E0559B21DA65ABE00A6DD8F /* main.m in Sources */ = {isa = PBXBuildFile; fileRef = 8E0559B11DA65ABE00A6DD8F /* main.m */; };
		8E0559B51DA65ABE00A6DD8F /* AppDelegate.m in Sources */ = {isa = PBXBuildFile; fileRef = 8E0559B41DA65ABE00A6DD8F /* AppDelegate.m */; };
		8E0559B81DA65ABE00A6DD8F /* ViewController.m in Sources */ = {isa = PBXBuildFile; fileRef = 8E0559B71DA65ABE00A6DD8F /* ViewController.m */; };
		8E0559BB1DA65ABE00A6DD8F /* Main.storyboard in Resources */ = {isa = PBXBuildFile; fileRef = 8E0559B91DA65ABE00A6DD8F /* Main.storyboard */; };
		8E0559BD1DA65ABE00A6DD8F /* Assets.xcassets in Resources */ = {isa = PBXBuildFile; fileRef = 8E0559BC1DA65ABE00A6DD8F /* Assets.xcassets */; };
		8E0559C01DA65ABE00A6DD8F /* LaunchScreen.storyboard in Resources */ = {isa = PBXBuildFile; fileRef = 8E0559BE1DA65ABE00A6DD8F /* LaunchScreen.storyboard */; };
		8E0559CB1DA65ABF00A6DD8F /* GurukulTests.m in Sources */ = {isa = PBXBuildFile; fileRef = 8E0559CA1DA65ABF00A6DD8F /* GurukulTests.m */; };
		8E0559D61DA65ABF00A6DD8F /* GurukulUITests.m in Sources */ = {isa = PBXBuildFile; fileRef = 8E0559D51DA65ABF00A6DD8F /* GurukulUITests.m */; };
		8E0559E71DA65C9600A6DD8F /* ss1.png in Resources */ = {isa = PBXBuildFile; fileRef = 8E0559E61DA65C9600A6DD8F /* ss1.png */; };
		8E0559E91DA65D4F00A6DD8F /* Asimov.otf in Resources */ = {isa = PBXBuildFile; fileRef = 8E0559E81DA65D4F00A6DD8F /* Asimov.otf */; };
		8E0559F01DA6612000A6DD8F /* VideoCollectionViewCell.m in Sources */ = {isa = PBXBuildFile; fileRef = 8E0559EF1DA6612000A6DD8F /* VideoCollectionViewCell.m */; };
		8E0559F21DA661B200A6DD8F /* Screen Shot 2016-10-06 at 3.39.07 PM.png in Resources */ = {isa = PBXBuildFile; fileRef = 8E0559F11DA661B200A6DD8F /* Screen Shot 2016-10-06 at 3.39.07 PM.png */; };
		8E0559F41DA6677000A6DD8F /* movie.png in Resources */ = {isa = PBXBuildFile; fileRef = 8E0559F31DA6677000A6DD8F /* movie.png */; };
		8E0559F61DA66BD600A6DD8F /* play.png in Resources */ = {isa = PBXBuildFile; fileRef = 8E0559F51DA66BD600A6DD8F /* play.png */; };
		8E0559F81DA66C6A00A6DD8F /* menu.png in Resources */ = {isa = PBXBuildFile; fileRef = 8E0559F71DA66C6A00A6DD8F /* menu.png */; };
		8E0689C71DA7D64E0006BC0C /* logo.png in Resources */ = {isa = PBXBuildFile; fileRef = 8E0689C41DA7D64E0006BC0C /* logo.png */; };
		8E0689C81DA7D64E0006BC0C /* mveframe.png in Resources */ = {isa = PBXBuildFile; fileRef = 8E0689C51DA7D64E0006BC0C /* mveframe.png */; };
		8E0689C91DA7D64E0006BC0C /* videoicon.png in Resources */ = {isa = PBXBuildFile; fileRef = 8E0689C61DA7D64E0006BC0C /* videoicon.png */; };
		8E0689CC1DA7D9690006BC0C /* LaunchScreenViewController.m in Sources */ = {isa = PBXBuildFile; fileRef = 8E0689CB1DA7D9690006BC0C /* LaunchScreenViewController.m */; };
		8E50B1B31DA7DD0B009E820B /* VideoListViewController.m in Sources */ = {isa = PBXBuildFile; fileRef = 8E50B1B21DA7DD0B009E820B /* VideoListViewController.m */; };
		8E50B1B61DA7E3A0009E820B /* VideoTableViewCell.m in Sources */ = {isa = PBXBuildFile; fileRef = 8E50B1B51DA7E3A0009E820B /* VideoTableViewCell.m */; };
/* End PBXBuildFile section */

/* Begin PBXContainerItemProxy section */
		8E0559C71DA65ABF00A6DD8F /* PBXContainerItemProxy */ = {
			isa = PBXContainerItemProxy;
			containerPortal = 8E0559A51DA65ABE00A6DD8F /* Project object */;
			proxyType = 1;
			remoteGlobalIDString = 8E0559AC1DA65ABE00A6DD8F;
			remoteInfo = Gurukul;
		};
		8E0559D21DA65ABF00A6DD8F /* PBXContainerItemProxy */ = {
			isa = PBXContainerItemProxy;
			containerPortal = 8E0559A51DA65ABE00A6DD8F /* Project object */;
			proxyType = 1;
			remoteGlobalIDString = 8E0559AC1DA65ABE00A6DD8F;
			remoteInfo = Gurukul;
		};
/* End PBXContainerItemProxy section */

/* Begin PBXFileReference section */
		8E0559AD1DA65ABE00A6DD8F /* Gurukul.app */ = {isa = PBXFileReference; explicitFileType = wrapper.application; includeInIndex = 0; path = Gurukul.app; sourceTree = BUILT_PRODUCTS_DIR; };
		8E0559B11DA65ABE00A6DD8F /* main.m */ = {isa = PBXFileReference; lastKnownFileType = sourcecode.c.objc; path = main.m; sourceTree = "<group>"; };
		8E0559B31DA65ABE00A6DD8F /* AppDelegate.h */ = {isa = PBXFileReference; lastKnownFileType = sourcecode.c.h; path = AppDelegate.h; sourceTree = "<group>"; };
		8E0559B41DA65ABE00A6DD8F /* AppDelegate.m */ = {isa = PBXFileReference; lastKnownFileType = sourcecode.c.objc; path = AppDelegate.m; sourceTree = "<group>"; };
		8E0559B61DA65ABE00A6DD8F /* ViewController.h */ = {isa = PBXFileReference; lastKnownFileType = sourcecode.c.h; path = ViewController.h; sourceTree = "<group>"; };
		8E0559B71DA65ABE00A6DD8F /* ViewController.m */ = {isa = PBXFileReference; lastKnownFileType = sourcecode.c.objc; path = ViewController.m; sourceTree = "<group>"; };
		8E0559BA1DA65ABE00A6DD8F /* Base */ = {isa = PBXFileReference; lastKnownFileType = file.storyboard; name = Base; path = Base.lproj/Main.storyboard; sourceTree = "<group>"; };
		8E0559BC1DA65ABE00A6DD8F /* Assets.xcassets */ = {isa = PBXFileReference; lastKnownFileType = folder.assetcatalog; path = Assets.xcassets; sourceTree = "<group>"; };
		8E0559BF1DA65ABE00A6DD8F /* Base */ = {isa = PBXFileReference; lastKnownFileType = file.storyboard; name = Base; path = Base.lproj/LaunchScreen.storyboard; sourceTree = "<group>"; };
		8E0559C11DA65ABE00A6DD8F /* Info.plist */ = {isa = PBXFileReference; lastKnownFileType = text.plist.xml; path = Info.plist; sourceTree = "<group>"; };
		8E0559C61DA65ABF00A6DD8F /* GurukulTests.xctest */ = {isa = PBXFileReference; explicitFileType = wrapper.cfbundle; includeInIndex = 0; path = GurukulTests.xctest; sourceTree = BUILT_PRODUCTS_DIR; };
		8E0559CA1DA65ABF00A6DD8F /* GurukulTests.m */ = {isa = PBXFileReference; lastKnownFileType = sourcecode.c.objc; path = GurukulTests.m; sourceTree = "<group>"; };
		8E0559CC1DA65ABF00A6DD8F /* Info.plist */ = {isa = PBXFileReference; lastKnownFileType = text.plist.xml; path = Info.plist; sourceTree = "<group>"; };
		8E0559D11DA65ABF00A6DD8F /* GurukulUITests.xctest */ = {isa = PBXFileReference; explicitFileType = wrapper.cfbundle; includeInIndex = 0; path = GurukulUITests.xctest; sourceTree = BUILT_PRODUCTS_DIR; };
		8E0559D51DA65ABF00A6DD8F /* GurukulUITests.m */ = {isa = PBXFileReference; lastKnownFileType = sourcecode.c.objc; path = GurukulUITests.m; sourceTree = "<group>"; };
		8E0559D71DA65ABF00A6DD8F /* Info.plist */ = {isa = PBXFileReference; lastKnownFileType = text.plist.xml; path = Info.plist; sourceTree = "<group>"; };
		8E0559E61DA65C9600A6DD8F /* ss1.png */ = {isa = PBXFileReference; lastKnownFileType = image.png; name = ss1.png; path = ../ss1.png; sourceTree = "<group>"; };
		8E0559E81DA65D4F00A6DD8F /* Asimov.otf */ = {isa = PBXFileReference; lastKnownFileType = file; path = Asimov.otf; sourceTree = "<group>"; };
		8E0559EE1DA6612000A6DD8F /* VideoCollectionViewCell.h */ = {isa = PBXFileReference; fileEncoding = 4; lastKnownFileType = sourcecode.c.h; path = VideoCollectionViewCell.h; sourceTree = "<group>"; };
		8E0559EF1DA6612000A6DD8F /* VideoCollectionViewCell.m */ = {isa = PBXFileReference; fileEncoding = 4; lastKnownFileType = sourcecode.c.objc; path = VideoCollectionViewCell.m; sourceTree = "<group>"; };
		8E0559F11DA661B200A6DD8F /* Screen Shot 2016-10-06 at 3.39.07 PM.png */ = {isa = PBXFileReference; lastKnownFileType = image.png; path = "Screen Shot 2016-10-06 at 3.39.07 PM.png"; sourceTree = "<group>"; };
		8E0559F31DA6677000A6DD8F /* movie.png */ = {isa = PBXFileReference; lastKnownFileType = image.png; path = movie.png; sourceTree = "<group>"; };
		8E0559F51DA66BD600A6DD8F /* play.png */ = {isa = PBXFileReference; lastKnownFileType = image.png; path = play.png; sourceTree = "<group>"; };
		8E0559F71DA66C6A00A6DD8F /* menu.png */ = {isa = PBXFileReference; lastKnownFileType = image.png; path = menu.png; sourceTree = "<group>"; };
		8E0689C41DA7D64E0006BC0C /* logo.png */ = {isa = PBXFileReference; lastKnownFileType = image.png; path = logo.png; sourceTree = "<group>"; };
		8E0689C51DA7D64E0006BC0C /* mveframe.png */ = {isa = PBXFileReference; lastKnownFileType = image.png; path = mveframe.png; sourceTree = "<group>"; };
		8E0689C61DA7D64E0006BC0C /* videoicon.png */ = {isa = PBXFileReference; lastKnownFileType = image.png; path = videoicon.png; sourceTree = "<group>"; };
		8E0689CA1DA7D9690006BC0C /* LaunchScreenViewController.h */ = {isa = PBXFileReference; fileEncoding = 4; lastKnownFileType = sourcecode.c.h; path = LaunchScreenViewController.h; sourceTree = "<group>"; };
		8E0689CB1DA7D9690006BC0C /* LaunchScreenViewController.m */ = {isa = PBXFileReference; fileEncoding = 4; lastKnownFileType = sourcecode.c.objc; path = LaunchScreenViewController.m; sourceTree = "<group>"; };
		8E50B1B11DA7DD0B009E820B /* VideoListViewController.h */ = {isa = PBXFileReference; fileEncoding = 4; lastKnownFileType = sourcecode.c.h; path = VideoListViewController.h; sourceTree = "<group>"; };
		8E50B1B21DA7DD0B009E820B /* VideoListViewController.m */ = {isa = PBXFileReference; fileEncoding = 4; lastKnownFileType = sourcecode.c.objc; path = VideoListViewController.m; sourceTree = "<group>"; };
		8E50B1B41DA7E3A0009E820B /* VideoTableViewCell.h */ = {isa = PBXFileReference; fileEncoding = 4; lastKnownFileType = sourcecode.c.h; path = VideoTableViewCell.h; sourceTree = "<group>"; };
		8E50B1B51DA7E3A0009E820B /* VideoTableViewCell.m */ = {isa = PBXFileReference; fileEncoding = 4; lastKnownFileType = sourcecode.c.objc; path = VideoTableViewCell.m; sourceTree = "<group>"; };
/* End PBXFileReference section */

/* Begin PBXFrameworksBuildPhase section */
		8E0559AA1DA65ABE00A6DD8F /* Frameworks */ = {
			isa = PBXFrameworksBuildPhase;
			buildActionMask = 2147483647;
			files = (
			);
			runOnlyForDeploymentPostprocessing = 0;
		};
		8E0559C31DA65ABF00A6DD8F /* Frameworks */ = {
			isa = PBXFrameworksBuildPhase;
			buildActionMask = 2147483647;
			files = (
			);
			runOnlyForDeploymentPostprocessing = 0;
		};
		8E0559CE1DA65ABF00A6DD8F /* Frameworks */ = {
			isa = PBXFrameworksBuildPhase;
			buildActionMask = 2147483647;
			files = (
			);
			runOnlyForDeploymentPostprocessing = 0;
		};
/* End PBXFrameworksBuildPhase section */

/* Begin PBXGroup section */
		8E0559A41DA65ABE00A6DD8F = {
			isa = PBXGroup;
			children = (
				8E0559E81DA65D4F00A6DD8F /* Asimov.otf */,
				8E0559E51DA65C8C00A6DD8F /* Views */,
				8E0559E41DA65C8300A6DD8F /* ViewControllers */,
				8E0559E31DA65C7E00A6DD8F /* Images */,
				8E0559AF1DA65ABE00A6DD8F /* Gurukul */,
				8E0559C91DA65ABF00A6DD8F /* GurukulTests */,
				8E0559D41DA65ABF00A6DD8F /* GurukulUITests */,
				8E0559AE1DA65ABE00A6DD8F /* Products */,
			);
			sourceTree = "<group>";
		};
		8E0559AE1DA65ABE00A6DD8F /* Products */ = {
			isa = PBXGroup;
			children = (
				8E0559AD1DA65ABE00A6DD8F /* Gurukul.app */,
				8E0559C61DA65ABF00A6DD8F /* GurukulTests.xctest */,
				8E0559D11DA65ABF00A6DD8F /* GurukulUITests.xctest */,
			);
			name = Products;
			sourceTree = "<group>";
		};
		8E0559AF1DA65ABE00A6DD8F /* Gurukul */ = {
			isa = PBXGroup;
			children = (
				8E0559B31DA65ABE00A6DD8F /* AppDelegate.h */,
				8E0559B41DA65ABE00A6DD8F /* AppDelegate.m */,
				8E0559B61DA65ABE00A6DD8F /* ViewController.h */,
				8E0559B71DA65ABE00A6DD8F /* ViewController.m */,
				8E0559B91DA65ABE00A6DD8F /* Main.storyboard */,
				8E0559BC1DA65ABE00A6DD8F /* Assets.xcassets */,
				8E0559BE1DA65ABE00A6DD8F /* LaunchScreen.storyboard */,
				8E0559C11DA65ABE00A6DD8F /* Info.plist */,
				8E0559B01DA65ABE00A6DD8F /* Supporting Files */,
				8E0689CA1DA7D9690006BC0C /* LaunchScreenViewController.h */,
				8E0689CB1DA7D9690006BC0C /* LaunchScreenViewController.m */,
			);
			path = Gurukul;
			sourceTree = "<group>";
		};
		8E0559B01DA65ABE00A6DD8F /* Supporting Files */ = {
			isa = PBXGroup;
			children = (
				8E0559B11DA65ABE00A6DD8F /* main.m */,
			);
			name = "Supporting Files";
			sourceTree = "<group>";
		};
		8E0559C91DA65ABF00A6DD8F /* GurukulTests */ = {
			isa = PBXGroup;
			children = (
				8E0559CA1DA65ABF00A6DD8F /* GurukulTests.m */,
				8E0559CC1DA65ABF00A6DD8F /* Info.plist */,
			);
			path = GurukulTests;
			sourceTree = "<group>";
		};
		8E0559D41DA65ABF00A6DD8F /* GurukulUITests */ = {
			isa = PBXGroup;
			children = (
				8E0559D51DA65ABF00A6DD8F /* GurukulUITests.m */,
				8E0559D71DA65ABF00A6DD8F /* Info.plist */,
			);
			path = GurukulUITests;
			sourceTree = "<group>";
		};
		8E0559E31DA65C7E00A6DD8F /* Images */ = {
			isa = PBXGroup;
			children = (
				8E0689C41DA7D64E0006BC0C /* logo.png */,
				8E0689C51DA7D64E0006BC0C /* mveframe.png */,
				8E0689C61DA7D64E0006BC0C /* videoicon.png */,
				8E0559F71DA66C6A00A6DD8F /* menu.png */,
				8E0559F51DA66BD600A6DD8F /* play.png */,
				8E0559F31DA6677000A6DD8F /* movie.png */,
				8E0559F11DA661B200A6DD8F /* Screen Shot 2016-10-06 at 3.39.07 PM.png */,
				8E0559E61DA65C9600A6DD8F /* ss1.png */,
			);
			name = Images;
			sourceTree = "<group>";
		};
		8E0559E41DA65C8300A6DD8F /* ViewControllers */ = {
			isa = PBXGroup;
			children = (
				8E50B1B11DA7DD0B009E820B /* VideoListViewController.h */,
				8E50B1B21DA7DD0B009E820B /* VideoListViewController.m */,
			);
			name = ViewControllers;
			sourceTree = "<group>";
		};
		8E0559E51DA65C8C00A6DD8F /* Views */ = {
			isa = PBXGroup;
			children = (
				8E0559EE1DA6612000A6DD8F /* VideoCollectionViewCell.h */,
				8E0559EF1DA6612000A6DD8F /* VideoCollectionViewCell.m */,
				8E50B1B41DA7E3A0009E820B /* VideoTableViewCell.h */,
				8E50B1B51DA7E3A0009E820B /* VideoTableViewCell.m */,
			);
			name = Views;
			sourceTree = "<group>";
		};
/* End PBXGroup section */

/* Begin PBXNativeTarget section */
		8E0559AC1DA65ABE00A6DD8F /* Gurukul */ = {
			isa = PBXNativeTarget;
			buildConfigurationList = 8E0559DA1DA65ABF00A6DD8F /* Build configuration list for PBXNativeTarget "Gurukul" */;
			buildPhases = (
				8E0559A91DA65ABE00A6DD8F /* Sources */,
				8E0559AA1DA65ABE00A6DD8F /* Frameworks */,
				8E0559AB1DA65ABE00A6DD8F /* Resources */,
			);
			buildRules = (
			);
			dependencies = (
			);
			name = Gurukul;
			productName = Gurukul;
			productReference = 8E0559AD1DA65ABE00A6DD8F /* Gurukul.app */;
			productType = "com.apple.product-type.application";
		};
		8E0559C51DA65ABF00A6DD8F /* GurukulTests */ = {
			isa = PBXNativeTarget;
			buildConfigurationList = 8E0559DD1DA65ABF00A6DD8F /* Build configuration list for PBXNativeTarget "GurukulTests" */;
			buildPhases = (
				8E0559C21DA65ABF00A6DD8F /* Sources */,
				8E0559C31DA65ABF00A6DD8F /* Frameworks */,
				8E0559C41DA65ABF00A6DD8F /* Resources */,
			);
			buildRules = (
			);
			dependencies = (
				8E0559C81DA65ABF00A6DD8F /* PBXTargetDependency */,
			);
			name = GurukulTests;
			productName = GurukulTests;
			productReference = 8E0559C61DA65ABF00A6DD8F /* GurukulTests.xctest */;
			productType = "com.apple.product-type.bundle.unit-test";
		};
		8E0559D01DA65ABF00A6DD8F /* GurukulUITests */ = {
			isa = PBXNativeTarget;
			buildConfigurationList = 8E0559E01DA65ABF00A6DD8F /* Build configuration list for PBXNativeTarget "GurukulUITests" */;
			buildPhases = (
				8E0559CD1DA65ABF00A6DD8F /* Sources */,
				8E0559CE1DA65ABF00A6DD8F /* Frameworks */,
				8E0559CF1DA65ABF00A6DD8F /* Resources */,
			);
			buildRules = (
			);
			dependencies = (
				8E0559D31DA65ABF00A6DD8F /* PBXTargetDependency */,
			);
			name = GurukulUITests;
			productName = GurukulUITests;
			productReference = 8E0559D11DA65ABF00A6DD8F /* GurukulUITests.xctest */;
			productType = "com.apple.product-type.bundle.ui-testing";
		};
/* End PBXNativeTarget section */

/* Begin PBXProject section */
		8E0559A51DA65ABE00A6DD8F /* Project object */ = {
			isa = PBXProject;
			attributes = {
				LastUpgradeCheck = 0800;
				ORGANIZATIONNAME = "Webmyne Systems Pvt Ltd";
				TargetAttributes = {
					8E0559AC1DA65ABE00A6DD8F = {
						CreatedOnToolsVersion = 8.0;
						DevelopmentTeam = 4NS8D3NZ2F;
						ProvisioningStyle = Automatic;
					};
					8E0559C51DA65ABF00A6DD8F = {
						CreatedOnToolsVersion = 8.0;
						ProvisioningStyle = Automatic;
						TestTargetID = 8E0559AC1DA65ABE00A6DD8F;
					};
					8E0559D01DA65ABF00A6DD8F = {
						CreatedOnToolsVersion = 8.0;
						ProvisioningStyle = Automatic;
						TestTargetID = 8E0559AC1DA65ABE00A6DD8F;
					};
				};
			};
			buildConfigurationList = 8E0559A81DA65ABE00A6DD8F /* Build configuration list for PBXProject "Gurukul" */;
			compatibilityVersion = "Xcode 3.2";
			developmentRegion = English;
			hasScannedForEncodings = 0;
			knownRegions = (
				en,
				Base,
			);
			mainGroup = 8E0559A41DA65ABE00A6DD8F;
			productRefGroup = 8E0559AE1DA65ABE00A6DD8F /* Products */;
			projectDirPath = "";
			projectRoot = "";
			targets = (
				8E0559AC1DA65ABE00A6DD8F /* Gurukul */,
				8E0559C51DA65ABF00A6DD8F /* GurukulTests */,
				8E0559D01DA65ABF00A6DD8F /* GurukulUITests */,
			);
		};
/* End PBXProject section */

/* Begin PBXResourcesBuildPhase section */
		8E0559AB1DA65ABE00A6DD8F /* Resources */ = {
			isa = PBXResourcesBuildPhase;
			buildActionMask = 2147483647;
			files = (
				8E0689C91DA7D64E0006BC0C /* videoicon.png in Resources */,
				8E0559C01DA65ABE00A6DD8F /* LaunchScreen.storyboard in Resources */,
				8E0559F61DA66BD600A6DD8F /* play.png in Resources */,
				8E0559F81DA66C6A00A6DD8F /* menu.png in Resources */,
				8E0559BD1DA65ABE00A6DD8F /* Assets.xcassets in Resources */,
				8E0559F41DA6677000A6DD8F /* movie.png in Resources */,
				8E0559E71DA65C9600A6DD8F /* ss1.png in Resources */,
				8E0689C81DA7D64E0006BC0C /* mveframe.png in Resources */,
				8E0689C71DA7D64E0006BC0C /* logo.png in Resources */,
				8E0559E91DA65D4F00A6DD8F /* Asimov.otf in Resources */,
				8E0559BB1DA65ABE00A6DD8F /* Main.storyboard in Resources */,
				8E0559F21DA661B200A6DD8F /* Screen Shot 2016-10-06 at 3.39.07 PM.png in Resources */,
			);
			runOnlyForDeploymentPostprocessing = 0;
		};
		8E0559C41DA65ABF00A6DD8F /* Resources */ = {
			isa = PBXResourcesBuildPhase;
			buildActionMask = 2147483647;
			files = (
			);
			runOnlyForDeploymentPostprocessing = 0;
		};
		8E0559CF1DA65ABF00A6DD8F /* Resources */ = {
			isa = PBXResourcesBuildPhase;
			buildActionMask = 2147483647;
			files = (
			);
			runOnlyForDeploymentPostprocessing = 0;
		};
/* End PBXResourcesBuildPhase section */

/* Begin PBXSourcesBuildPhase section */
		8E0559A91DA65ABE00A6DD8F /* Sources */ = {
			isa = PBXSourcesBuildPhase;
			buildActionMask = 2147483647;
			files = (
				8E50B1B61DA7E3A0009E820B /* VideoTableViewCell.m in Sources */,
				8E0689CC1DA7D9690006BC0C /* LaunchScreenViewController.m in Sources */,
				8E0559B81DA65ABE00A6DD8F /* ViewController.m in Sources */,
				8E0559B51DA65ABE00A6DD8F /* AppDelegate.m in Sources */,
				8E0559F01DA6612000A6DD8F /* VideoCollectionViewCell.m in Sources */,
				8E50B1B31DA7DD0B009E820B /* VideoListViewController.m in Sources */,
				8E0559B21DA65ABE00A6DD8F /* main.m in Sources */,
			);
			runOnlyForDeploymentPostprocessing = 0;
		};
		8E0559C21DA65ABF00A6DD8F /* Sources */ = {
			isa = PBXSourcesBuildPhase;
			buildActionMask = 2147483647;
			files = (
				8E0559CB1DA65ABF00A6DD8F /* GurukulTests.m in Sources */,
			);
			runOnlyForDeploymentPostprocessing = 0;
		};
		8E0559CD1DA65ABF00A6DD8F /* Sources */ = {
			isa = PBXSourcesBuildPhase;
			buildActionMask = 2147483647;
			files = (
				8E0559D61DA65ABF00A6DD8F /* GurukulUITests.m in Sources */,
			);
			runOnlyForDeploymentPostprocessing = 0;
		};
/* End PBXSourcesBuildPhase section */

/* Begin PBXTargetDependency section */
		8E0559C81DA65ABF00A6DD8F /* PBXTargetDependency */ = {
			isa = PBXTargetDependency;
			target = 8E0559AC1DA65ABE00A6DD8F /* Gurukul */;
			targetProxy = 8E0559C71DA65ABF00A6DD8F /* PBXContainerItemProxy */;
		};
		8E0559D31DA65ABF00A6DD8F /* PBXTargetDependency */ = {
			isa = PBXTargetDependency;
			target = 8E0559AC1DA65ABE00A6DD8F /* Gurukul */;
			targetProxy = 8E0559D21DA65ABF00A6DD8F /* PBXContainerItemProxy */;
		};
/* End PBXTargetDependency section */

/* Begin PBXVariantGroup section */
		8E0559B91DA65ABE00A6DD8F /* Main.storyboard */ = {
			isa = PBXVariantGroup;
			children = (
				8E0559BA1DA65ABE00A6DD8F /* Base */,
			);
			name = Main.storyboard;
			sourceTree = "<group>";
		};
		8E0559BE1DA65ABE00A6DD8F /* LaunchScreen.storyboard */ = {
			isa = PBXVariantGroup;
			children = (
				8E0559BF1DA65ABE00A6DD8F /* Base */,
			);
			name = LaunchScreen.storyboard;
			sourceTree = "<group>";
		};
/* End PBXVariantGroup section */

/* Begin XCBuildConfiguration section */
		8E0559D81DA65ABF00A6DD8F /* Debug */ = {
			isa = XCBuildConfiguration;
			buildSettings = {
				ALWAYS_SEARCH_USER_PATHS = NO;
				CLANG_ANALYZER_NONNULL = YES;
				CLANG_CXX_LANGUAGE_STANDARD = "gnu++0x";
				CLANG_CXX_LIBRARY = "libc++";
				CLANG_ENABLE_MODULES = YES;
				CLANG_ENABLE_OBJC_ARC = YES;
				CLANG_WARN_BOOL_CONVERSION = YES;
				CLANG_WARN_CONSTANT_CONVERSION = YES;
				CLANG_WARN_DIRECT_OBJC_ISA_USAGE = YES_ERROR;
				CLANG_WARN_DOCUMENTATION_COMMENTS = YES;
				CLANG_WARN_EMPTY_BODY = YES;
				CLANG_WARN_ENUM_CONVERSION = YES;
				CLANG_WARN_INFINITE_RECURSION = YES;
				CLANG_WARN_INT_CONVERSION = YES;
				CLANG_WARN_OBJC_ROOT_CLASS = YES_ERROR;
				CLANG_WARN_SUSPICIOUS_MOVES = YES;
				CLANG_WARN_UNREACHABLE_CODE = YES;
				CLANG_WARN__DUPLICATE_METHOD_MATCH = YES;
				"CODE_SIGN_IDENTITY[sdk=iphoneos*]" = "iPhone Developer";
				COPY_PHASE_STRIP = NO;
				DEBUG_INFORMATION_FORMAT = dwarf;
				ENABLE_STRICT_OBJC_MSGSEND = YES;
				ENABLE_TESTABILITY = YES;
				GCC_C_LANGUAGE_STANDARD = gnu99;
				GCC_DYNAMIC_NO_PIC = NO;
				GCC_NO_COMMON_BLOCKS = YES;
				GCC_OPTIMIZATION_LEVEL = 0;
				GCC_PREPROCESSOR_DEFINITIONS = (
					"DEBUG=1",
					"$(inherited)",
				);
				GCC_WARN_64_TO_32_BIT_CONVERSION = YES;
				GCC_WARN_ABOUT_RETURN_TYPE = YES_ERROR;
				GCC_WARN_UNDECLARED_SELECTOR = YES;
				GCC_WARN_UNINITIALIZED_AUTOS = YES_AGGRESSIVE;
				GCC_WARN_UNUSED_FUNCTION = YES;
				GCC_WARN_UNUSED_VARIABLE = YES;
				IPHONEOS_DEPLOYMENT_TARGET = 10.0;
				MTL_ENABLE_DEBUG_INFO = YES;
				ONLY_ACTIVE_ARCH = YES;
				SDKROOT = iphoneos;
				TARGETED_DEVICE_FAMILY = "1,2";
			};
			name = Debug;
		};
		8E0559D91DA65ABF00A6DD8F /* Release */ = {
			isa = XCBuildConfiguration;
			buildSettings = {
				ALWAYS_SEARCH_USER_PATHS = NO;
				CLANG_ANALYZER_NONNULL = YES;
				CLANG_CXX_LANGUAGE_STANDARD = "gnu++0x";
				CLANG_CXX_LIBRARY = "libc++";
				CLANG_ENABLE_MODULES = YES;
				CLANG_ENABLE_OBJC_ARC = YES;
				CLANG_WARN_BOOL_CONVERSION = YES;
				CLANG_WARN_CONSTANT_CONVERSION = YES;
				CLANG_WARN_DIRECT_OBJC_ISA_USAGE = YES_ERROR;
				CLANG_WARN_DOCUMENTATION_COMMENTS = YES;
				CLANG_WARN_EMPTY_BODY = YES;
				CLANG_WARN_ENUM_CONVERSION = YES;
				CLANG_WARN_INFINITE_RECURSION = YES;
				CLANG_WARN_INT_CONVERSION = YES;
				CLANG_WARN_OBJC_ROOT_CLASS = YES_ERROR;
				CLANG_WARN_SUSPICIOUS_MOVES = YES;
				CLANG_WARN_UNREACHABLE_CODE = YES;
				CLANG_WARN__DUPLICATE_METHOD_MATCH = YES;
				"CODE_SIGN_IDENTITY[sdk=iphoneos*]" = "iPhone Developer";
				COPY_PHASE_STRIP = NO;
				DEBUG_INFORMATION_FORMAT = "dwarf-with-dsym";
				ENABLE_NS_ASSERTIONS = NO;
				ENABLE_STRICT_OBJC_MSGSEND = YES;
				GCC_C_LANGUAGE_STANDARD = gnu99;
				GCC_NO_COMMON_BLOCKS = YES;
				GCC_WARN_64_TO_32_BIT_CONVERSION = YES;
				GCC_WARN_ABOUT_RETURN_TYPE = YES_ERROR;
				GCC_WARN_UNDECLARED_SELECTOR = YES;
				GCC_WARN_UNINITIALIZED_AUTOS = YES_AGGRESSIVE;
				GCC_WARN_UNUSED_FUNCTION = YES;
				GCC_WARN_UNUSED_VARIABLE = YES;
				IPHONEOS_DEPLOYMENT_TARGET = 10.0;
				MTL_ENABLE_DEBUG_INFO = NO;
				SDKROOT = iphoneos;
				TARGETED_DEVICE_FAMILY = "1,2";
				VALIDATE_PRODUCT = YES;
			};
			name = Release;
		};
		8E0559DB1DA65ABF00A6DD8F /* Debug */ = {
			isa = XCBuildConfiguration;
			buildSettings = {
				ASSETCATALOG_COMPILER_APPICON_NAME = AppIcon;
				DEVELOPMENT_TEAM = 4NS8D3NZ2F;
				INFOPLIST_FILE = Gurukul/Info.plist;
				IPHONEOS_DEPLOYMENT_TARGET = 7.1;
				LD_RUNPATH_SEARCH_PATHS = "$(inherited) @executable_path/Frameworks";
				PRODUCT_BUNDLE_IDENTIFIER = webmyne.Gurukul;
				PRODUCT_NAME = "$(TARGET_NAME)";
			};
			name = Debug;
		};
		8E0559DC1DA65ABF00A6DD8F /* Release */ = {
			isa = XCBuildConfiguration;
			buildSettings = {
				ASSETCATALOG_COMPILER_APPICON_NAME = AppIcon;
				DEVELOPMENT_TEAM = 4NS8D3NZ2F;
				INFOPLIST_FILE = Gurukul/Info.plist;
				IPHONEOS_DEPLOYMENT_TARGET = 7.1;
				LD_RUNPATH_SEARCH_PATHS = "$(inherited) @executable_path/Frameworks";
				PRODUCT_BUNDLE_IDENTIFIER = webmyne.Gurukul;
				PRODUCT_NAME = "$(TARGET_NAME)";
			};
			name = Release;
		};
		8E0559DE1DA65ABF00A6DD8F /* Debug */ = {
			isa = XCBuildConfiguration;
			buildSettings = {
				BUNDLE_LOADER = "$(TEST_HOST)";
				INFOPLIST_FILE = GurukulTests/Info.plist;
				LD_RUNPATH_SEARCH_PATHS = "$(inherited) @executable_path/Frameworks @loader_path/Frameworks";
				PRODUCT_BUNDLE_IDENTIFIER = webmyne.GurukulTests;
				PRODUCT_NAME = "$(TARGET_NAME)";
				TEST_HOST = "$(BUILT_PRODUCTS_DIR)/Gurukul.app/Gurukul";
			};
			name = Debug;
		};
		8E0559DF1DA65ABF00A6DD8F /* Release */ = {
			isa = XCBuildConfiguration;
			buildSettings = {
				BUNDLE_LOADER = "$(TEST_HOST)";
				INFOPLIST_FILE = GurukulTests/Info.plist;
				LD_RUNPATH_SEARCH_PATHS = "$(inherited) @executable_path/Frameworks @loader_path/Frameworks";
				PRODUCT_BUNDLE_IDENTIFIER = webmyne.GurukulTests;
				PRODUCT_NAME = "$(TARGET_NAME)";
				TEST_HOST = "$(BUILT_PRODUCTS_DIR)/Gurukul.app/Gurukul";
			};
			name = Release;
		};
		8E0559E11DA65ABF00A6DD8F /* Debug */ = {
			isa = XCBuildConfiguration;
			buildSettings = {
				INFOPLIST_FILE = GurukulUITests/Info.plist;
				LD_RUNPATH_SEARCH_PATHS = "$(inherited) @executable_path/Frameworks @loader_path/Frameworks";
				PRODUCT_BUNDLE_IDENTIFIER = webmyne.GurukulUITests;
				PRODUCT_NAME = "$(TARGET_NAME)";
				TEST_TARGET_NAME = Gurukul;
			};
			name = Debug;
		};
		8E0559E21DA65ABF00A6DD8F /* Release */ = {
			isa = XCBuildConfiguration;
			buildSettings = {
				INFOPLIST_FILE = GurukulUITests/Info.plist;
				LD_RUNPATH_SEARCH_PATHS = "$(inherited) @executable_path/Frameworks @loader_path/Frameworks";
				PRODUCT_BUNDLE_IDENTIFIER = webmyne.GurukulUITests;
				PRODUCT_NAME = "$(TARGET_NAME)";
				TEST_TARGET_NAME = Gurukul;
			};
			name = Release;
		};
/* End XCBuildConfiguration section */

/* Begin XCConfigurationList section */
		8E0559A81DA65ABE00A6DD8F /* Build configuration list for PBXProject "Gurukul" */ = {
			isa = XCConfigurationList;
			buildConfigurations = (
				8E0559D81DA65ABF00A6DD8F /* Debug */,
				8E0559D91DA65ABF00A6DD8F /* Release */,
			);
			defaultConfigurationIsVisible = 0;
			defaultConfigurationName = Release;
		};
		8E0559DA1DA65ABF00A6DD8F /* Build configuration list for PBXNativeTarget "Gurukul" */ = {
			isa = XCConfigurationList;
			buildConfigurations = (
				8E0559DB1DA65ABF00A6DD8F /* Debug */,
				8E0559DC1DA65ABF00A6DD8F /* Release */,
			);
			defaultConfigurationIsVisible = 0;
			defaultConfigurationName = Release;
		};
		8E0559DD1DA65ABF00A6DD8F /* Build configuration list for PBXNativeTarget "GurukulTests" */ = {
			isa = XCConfigurationList;
			buildConfigurations = (
				8E0559DE1DA65ABF00A6DD8F /* Debug */,
				8E0559DF1DA65ABF00A6DD8F /* Release */,
			);
			defaultConfigurationIsVisible = 0;
			defaultConfigurationName = Release;
		};
		8E0559E01DA65ABF00A6DD8F /* Build configuration list for PBXNativeTarget "GurukulUITests" */ = {
			isa = XCConfigurationList;
			buildConfigurations = (
				8E0559E11DA65ABF00A6DD8F /* Debug */,
				8E0559E21DA65ABF00A6DD8F /* Release */,
			);
			defaultConfigurationIsVisible = 0;
			defaultConfigurationName = Release;
		};
/* End XCConfigurationList section */
	};
	rootObject = 8E0559A51DA65ABE00A6DD8F /* Project object */;
}
